
Microsoft Visual Studio Solution File, Format Version 11.00
# Visual Studio 2010
Project("{FAE04EC0-301F-11D3-BF4B-00C04F79EFBC}") = "CP Storybook Project", "CP Storybook Project.csproj", "{C8D10ABC-F466-4421-A4F6-D6F97B444102}"
EndProject
Global
	GlobalSection(SolutionConfigurationPlatforms) = preSolution
		Debug|x86 = Debug|x86
		Release|x86 = Release|x86
	EndGlobalSection
	GlobalSection(ProjectConfigurationPlatforms) = postSolution
		{C8D10ABC-F466-4421-A4F6-D6F97B444102}.Debug|x86.ActiveCfg = Debug|x86
		{C8D10ABC-F466-4421-A4F6-D6F97B444102}.Debug|x86.Build.0 = Debug|x86
		{C8D10ABC-F466-4421-A4F6-D6F97B444102}.Release|x86.ActiveCfg = Release|x86
		{C8D10ABC-F466-4421-A4F6-D6F97B444102}.Release|x86.Build.0 = Release|x86
	EndGlobalSection
	GlobalSection(SolutionProperties) = preSolution
		HideSolutionNode = FALSE
	EndGlobalSection
EndGlobal
